
Microsoft Visual Studio Solution File, Format Version 12.00
# Visual Studio Version 16
VisualStudioVersion = 16.0.29911.84
MinimumVisualStudioVersion = 10.0.40219.1
Project("{FAE04EC0-301F-11D3-BF4B-00C04F79EFBC}") = "InventorySystemDataManager", "InventorySystemDataManager\InventorySystemDataManager.csproj", "{9B740762-C733-4D97-A683-195554F8C087}"
EndProject
Project("{00D1A9C2-B5F0-4AF3-8072-F6C62B433612}") = "InvSysData", "InvSysData\InvSysData.sqlproj", "{D6816FD4-05CC-4C2D-9352-8111BD430494}"
EndProject
Project("{FAE04EC0-301F-11D3-BF4B-00C04F79EFBC}") = "InvSysUI", "InvSysUI\InvSysUI.csproj", "{2AF8112A-A6FB-44A4-8CD1-7FBC638777C2}"
EndProject
Project("{FAE04EC0-301F-11D3-BF4B-00C04F79EFBC}") = "InventorySystemDataManager.Library", "InventorySystemDataManager.Library\InventorySystemDataManager.Library.csproj", "{D590783F-4794-4A54-B1CB-6E7BD0B41DA5}"
EndProject
Global
	GlobalSection(SolutionConfigurationPlatforms) = preSolution
		Debug|Any CPU = Debug|Any CPU
		Release|Any CPU = Release|Any CPU
	EndGlobalSection
	GlobalSection(ProjectConfigurationPlatforms) = postSolution
		{9B740762-C733-4D97-A683-195554F8C087}.Debug|Any CPU.ActiveCfg = Debug|Any CPU
		{9B740762-C733-4D97-A683-195554F8C087}.Debug|Any CPU.Build.0 = Debug|Any CPU
		{9B740762-C733-4D97-A683-195554F8C087}.Release|Any CPU.ActiveCfg = Release|Any CPU
		{9B740762-C733-4D97-A683-195554F8C087}.Release|Any CPU.Build.0 = Release|Any CPU
		{D6816FD4-05CC-4C2D-9352-8111BD430494}.Debug|Any CPU.ActiveCfg = Debug|Any CPU
		{D6816FD4-05CC-4C2D-9352-8111BD430494}.Debug|Any CPU.Build.0 = Debug|Any CPU
		{D6816FD4-05CC-4C2D-9352-8111BD430494}.Debug|Any CPU.Deploy.0 = Debug|Any CPU
		{D6816FD4-05CC-4C2D-9352-8111BD430494}.Release|Any CPU.ActiveCfg = Release|Any CPU
		{D6816FD4-05CC-4C2D-9352-8111BD430494}.Release|Any CPU.Build.0 = Release|Any CPU
		{D6816FD4-05CC-4C2D-9352-8111BD430494}.Release|Any CPU.Deploy.0 = Release|Any CPU
		{2AF8112A-A6FB-44A4-8CD1-7FBC638777C2}.Debug|Any CPU.ActiveCfg = Debug|Any CPU
		{2AF8112A-A6FB-44A4-8CD1-7FBC638777C2}.Debug|Any CPU.Build.0 = Debug|Any CPU
		{2AF8112A-A6FB-44A4-8CD1-7FBC638777C2}.Release|Any CPU.ActiveCfg = Release|Any CPU
		{2AF8112A-A6FB-44A4-8CD1-7FBC638777C2}.Release|Any CPU.Build.0 = Release|Any CPU
		{D590783F-4794-4A54-B1CB-6E7BD0B41DA5}.Debug|Any CPU.ActiveCfg = Debug|Any CPU
		{D590783F-4794-4A54-B1CB-6E7BD0B41DA5}.Debug|Any CPU.Build.0 = Debug|Any CPU
		{D590783F-4794-4A54-B1CB-6E7BD0B41DA5}.Release|Any CPU.ActiveCfg = Release|Any CPU
		{D590783F-4794-4A54-B1CB-6E7BD0B41DA5}.Release|Any CPU.Build.0 = Release|Any CPU
	EndGlobalSection
	GlobalSection(SolutionProperties) = preSolution
		HideSolutionNode = FALSE
	EndGlobalSection
	GlobalSection(ExtensibilityGlobals) = postSolution
		SolutionGuid = {768F8F38-95F3-4083-AB0B-808DE5EC89D6}
	EndGlobalSection
EndGlobal
